
Microsoft Visual Studio Solution File, Format Version 12.00
# Visual Studio 15
VisualStudioVersion = 15.0.28307.168
MinimumVisualStudioVersion = 10.0.40219.1
Project("{FAE04EC0-301F-11D3-BF4B-00C04F79EFBC}") = "SocialPet.Android", "SocialPet\SocialPet.Android\SocialPet.Android.csproj", "{66CC3BFC-88CB-4B3C-8EA8-4749628188EB}"
EndProject
Project("{FAE04EC0-301F-11D3-BF4B-00C04F79EFBC}") = "SocialPet.iOS", "SocialPet\SocialPet.iOS\SocialPet.iOS.csproj", "{27739320-077F-4542-BE4B-649086CD7327}"
EndProject
Project("{FAE04EC0-301F-11D3-BF4B-00C04F79EFBC}") = "SocialPet", "SocialPet\SocialPet\SocialPet.csproj", "{DCA2EE22-E85E-43F7-BF28-E61DBCA64655}"
EndProject
Global
	GlobalSection(SolutionConfigurationPlatforms) = preSolution
		Ad-Hoc|Any CPU = Ad-Hoc|Any CPU
		Ad-Hoc|iPhone = Ad-Hoc|iPhone
		Ad-Hoc|iPhoneSimulator = Ad-Hoc|iPhoneSimulator
		AppStore|Any CPU = AppStore|Any CPU
		AppStore|iPhone = AppStore|iPhone
		AppStore|iPhoneSimulator = AppStore|iPhoneSimulator
		Debug|Any CPU = Debug|Any CPU
		Debug|iPhone = Debug|iPhone
		Debug|iPhoneSimulator = Debug|iPhoneSimulator
		Release|Any CPU = Release|Any CPU
		Release|iPhone = Release|iPhone
		Release|iPhoneSimulator = Release|iPhoneSimulator
	EndGlobalSection
	GlobalSection(ProjectConfigurationPlatforms) = postSolution
		{66CC3BFC-88CB-4B3C-8EA8-4749628188EB}.Ad-Hoc|Any CPU.ActiveCfg = Release|Any CPU
		{66CC3BFC-88CB-4B3C-8EA8-4749628188EB}.Ad-Hoc|Any CPU.Build.0 = Release|Any CPU
		{66CC3BFC-88CB-4B3C-8EA8-4749628188EB}.Ad-Hoc|Any CPU.Deploy.0 = Release|Any CPU
		{66CC3BFC-88CB-4B3C-8EA8-4749628188EB}.Ad-Hoc|iPhone.ActiveCfg = Release|Any CPU
		{66CC3BFC-88CB-4B3C-8EA8-4749628188EB}.Ad-Hoc|iPhone.Build.0 = Release|Any CPU
		{66CC3BFC-88CB-4B3C-8EA8-4749628188EB}.Ad-Hoc|iPhone.Deploy.0 = Release|Any CPU
		{66CC3BFC-88CB-4B3C-8EA8-4749628188EB}.Ad-Hoc|iPhoneSimulator.ActiveCfg = Release|Any CPU
		{66CC3BFC-88CB-4B3C-8EA8-4749628188EB}.Ad-Hoc|iPhoneSimulator.Build.0 = Release|Any CPU
		{66CC3BFC-88CB-4B3C-8EA8-4749628188EB}.Ad-Hoc|iPhoneSimulator.Deploy.0 = Release|Any CPU
		{66CC3BFC-88CB-4B3C-8EA8-4749628188EB}.AppStore|Any CPU.ActiveCfg = Release|Any CPU
		{66CC3BFC-88CB-4B3C-8EA8-4749628188EB}.AppStore|Any CPU.Build.0 = Release|Any CPU
		{66CC3BFC-88CB-4B3C-8EA8-4749628188EB}.AppStore|Any CPU.Deploy.0 = Release|Any CPU
		{66CC3BFC-88CB-4B3C-8EA8-4749628188EB}.AppStore|iPhone.ActiveCfg = Release|Any CPU
		{66CC3BFC-88CB-4B3C-8EA8-4749628188EB}.AppStore|iPhone.Build.0 = Release|Any CPU
		{66CC3BFC-88CB-4B3C-8EA8-4749628188EB}.AppStore|iPhone.Deploy.0 = Release|Any CPU
		{66CC3BFC-88CB-4B3C-8EA8-4749628188EB}.AppStore|iPhoneSimulator.ActiveCfg = Release|Any CPU
		{66CC3BFC-88CB-4B3C-8EA8-4749628188EB}.AppStore|iPhoneSimulator.Build.0 = Release|Any CPU
		{66CC3BFC-88CB-4B3C-8EA8-4749628188EB}.AppStore|iPhoneSimulator.Deploy.0 = Release|Any CPU
		{66CC3BFC-88CB-4B3C-8EA8-4749628188EB}.Debug|Any CPU.ActiveCfg = Debug|Any CPU
		{66CC3BFC-88CB-4B3C-8EA8-4749628188EB}.Debug|Any CPU.Build.0 = Debug|Any CPU
		{66CC3BFC-88CB-4B3C-8EA8-4749628188EB}.Debug|Any CPU.Deploy.0 = Debug|Any CPU
		{66CC3BFC-88CB-4B3C-8EA8-4749628188EB}.Debug|iPhone.ActiveCfg = Debug|Any CPU
		{66CC3BFC-88CB-4B3C-8EA8-4749628188EB}.Debug|iPhone.Build.0 = Debug|Any CPU
		{66CC3BFC-88CB-4B3C-8EA8-4749628188EB}.Debug|iPhone.Deploy.0 = Debug|Any CPU
		{66CC3BFC-88CB-4B3C-8EA8-4749628188EB}.Debug|iPhoneSimulator.ActiveCfg = Debug|Any CPU
		{66CC3BFC-88CB-4B3C-8EA8-4749628188EB}.Debug|iPhoneSimulator.Build.0 = Debug|Any CPU
		{66CC3BFC-88CB-4B3C-8EA8-4749628188EB}.Debug|iPhoneSimulator.Deploy.0 = Debug|Any CPU
		{66CC3BFC-88CB-4B3C-8EA8-4749628188EB}.Release|Any CPU.ActiveCfg = Release|Any CPU
		{66CC3BFC-88CB-4B3C-8EA8-4749628188EB}.Release|Any CPU.Build.0 = Release|Any CPU
		{66CC3BFC-88CB-4B3C-8EA8-4749628188EB}.Release|Any CPU.Deploy.0 = Release|Any CPU
		{66CC3BFC-88CB-4B3C-8EA8-4749628188EB}.Release|iPhone.ActiveCfg = Release|Any CPU
		{66CC3BFC-88CB-4B3C-8EA8-4749628188EB}.Release|iPhone.Build.0 = Release|Any CPU
		{66CC3BFC-88CB-4B3C-8EA8-4749628188EB}.Release|iPhone.Deploy.0 = Release|Any CPU
		{66CC3BFC-88CB-4B3C-8EA8-4749628188EB}.Release|iPhoneSimulator.ActiveCfg = Release|Any CPU
		{66CC3BFC-88CB-4B3C-8EA8-4749628188EB}.Release|iPhoneSimulator.Build.0 = Release|Any CPU
		{66CC3BFC-88CB-4B3C-8EA8-4749628188EB}.Release|iPhoneSimulator.Deploy.0 = Release|Any CPU
		{27739320-077F-4542-BE4B-649086CD7327}.Ad-Hoc|Any CPU.ActiveCfg = Ad-Hoc|iPhone
		{27739320-077F-4542-BE4B-649086CD7327}.Ad-Hoc|Any CPU.Build.0 = Ad-Hoc|iPhone
		{27739320-077F-4542-BE4B-649086CD7327}.Ad-Hoc|Any CPU.Deploy.0 = Ad-Hoc|iPhone
		{27739320-077F-4542-BE4B-649086CD7327}.Ad-Hoc|iPhone.ActiveCfg = Ad-Hoc|iPhone
		{27739320-077F-4542-BE4B-649086CD7327}.Ad-Hoc|iPhone.Build.0 = Ad-Hoc|iPhone
		{27739320-077F-4542-BE4B-649086CD7327}.Ad-Hoc|iPhone.Deploy.0 = Ad-Hoc|iPhone
		{27739320-077F-4542-BE4B-649086CD7327}.Ad-Hoc|iPhoneSimulator.ActiveCfg = Ad-Hoc|iPhoneSimulator
		{27739320-077F-4542-BE4B-649086CD7327}.Ad-Hoc|iPhoneSimulator.Build.0 = Ad-Hoc|iPhoneSimulator
		{27739320-077F-4542-BE4B-649086CD7327}.Ad-Hoc|iPhoneSimulator.Deploy.0 = Ad-Hoc|iPhoneSimulator
		{27739320-077F-4542-BE4B-649086CD7327}.AppStore|Any CPU.ActiveCfg = AppStore|iPhone
		{27739320-077F-4542-BE4B-649086CD7327}.AppStore|Any CPU.Build.0 = AppStore|iPhone
		{27739320-077F-4542-BE4B-649086CD7327}.AppStore|Any CPU.Deploy.0 = AppStore|iPhone
		{27739320-077F-4542-BE4B-649086CD7327}.AppStore|iPhone.ActiveCfg = AppStore|iPhone
		{27739320-077F-4542-BE4B-649086CD7327}.AppStore|iPhone.Build.0 = AppStore|iPhone
		{27739320-077F-4542-BE4B-649086CD7327}.AppStore|iPhone.Deploy.0 = AppStore|iPhone
		{27739320-077F-4542-BE4B-649086CD7327}.AppStore|iPhoneSimulator.ActiveCfg = AppStore|iPhoneSimulator
		{27739320-077F-4542-BE4B-649086CD7327}.AppStore|iPhoneSimulator.Build.0 = AppStore|iPhoneSimulator
		{27739320-077F-4542-BE4B-649086CD7327}.AppStore|iPhoneSimulator.Deploy.0 = AppStore|iPhoneSimulator
		{27739320-077F-4542-BE4B-649086CD7327}.Debug|Any CPU.ActiveCfg = Debug|iPhoneSimulator
		{27739320-077F-4542-BE4B-649086CD7327}.Debug|Any CPU.Build.0 = Debug|iPhoneSimulator
		{27739320-077F-4542-BE4B-649086CD7327}.Debug|Any CPU.Deploy.0 = Debug|iPhoneSimulator
		{27739320-077F-4542-BE4B-649086CD7327}.Debug|iPhone.ActiveCfg = Debug|iPhone
		{27739320-077F-4542-BE4B-649086CD7327}.Debug|iPhone.Build.0 = Debug|iPhone
		{27739320-077F-4542-BE4B-649086CD7327}.Debug|iPhone.Deploy.0 = Debug|iPhone
		{27739320-077F-4542-BE4B-649086CD7327}.Debug|iPhoneSimulator.ActiveCfg = Debug|iPhoneSimulator
		{27739320-077F-4542-BE4B-649086CD7327}.Debug|iPhoneSimulator.Build.0 = Debug|iPhoneSimulator
		{27739320-077F-4542-BE4B-649086CD7327}.Debug|iPhoneSimulator.Deploy.0 = Debug|iPhoneSimulator
		{27739320-077F-4542-BE4B-649086CD7327}.Release|Any CPU.ActiveCfg = Release|iPhone
		{27739320-077F-4542-BE4B-649086CD7327}.Release|Any CPU.Build.0 = Release|iPhone
		{27739320-077F-4542-BE4B-649086CD7327}.Release|Any CPU.Deploy.0 = Release|iPhone
		{27739320-077F-4542-BE4B-649086CD7327}.Release|iPhone.ActiveCfg = Release|iPhone
		{27739320-077F-4542-BE4B-649086CD7327}.Release|iPhone.Build.0 = Release|iPhone
		{27739320-077F-4542-BE4B-649086CD7327}.Release|iPhone.Deploy.0 = Release|iPhone
		{27739320-077F-4542-BE4B-649086CD7327}.Release|iPhoneSimulator.ActiveCfg = Release|iPhoneSimulator
		{27739320-077F-4542-BE4B-649086CD7327}.Release|iPhoneSimulator.Build.0 = Release|iPhoneSimulator
		{27739320-077F-4542-BE4B-649086CD7327}.Release|iPhoneSimulator.Deploy.0 = Release|iPhoneSimulator
		{DCA2EE22-E85E-43F7-BF28-E61DBCA64655}.Ad-Hoc|Any CPU.ActiveCfg = Debug|Any CPU
		{DCA2EE22-E85E-43F7-BF28-E61DBCA64655}.Ad-Hoc|Any CPU.Build.0 = Debug|Any CPU
		{DCA2EE22-E85E-43F7-BF28-E61DBCA64655}.Ad-Hoc|Any CPU.Deploy.0 = Debug|Any CPU
		{DCA2EE22-E85E-43F7-BF28-E61DBCA64655}.Ad-Hoc|iPhone.ActiveCfg = Debug|Any CPU
		{DCA2EE22-E85E-43F7-BF28-E61DBCA64655}.Ad-Hoc|iPhone.Build.0 = Debug|Any CPU
		{DCA2EE22-E85E-43F7-BF28-E61DBCA64655}.Ad-Hoc|iPhone.Deploy.0 = Debug|Any CPU
		{DCA2EE22-E85E-43F7-BF28-E61DBCA64655}.Ad-Hoc|iPhoneSimulator.ActiveCfg = Debug|Any CPU
		{DCA2EE22-E85E-43F7-BF28-E61DBCA64655}.Ad-Hoc|iPhoneSimulator.Build.0 = Debug|Any CPU
		{DCA2EE22-E85E-43F7-BF28-E61DBCA64655}.Ad-Hoc|iPhoneSimulator.Deploy.0 = Debug|Any CPU
		{DCA2EE22-E85E-43F7-BF28-E61DBCA64655}.AppStore|Any CPU.ActiveCfg = Debug|Any CPU
		{DCA2EE22-E85E-43F7-BF28-E61DBCA64655}.AppStore|Any CPU.Build.0 = Debug|Any CPU
		{DCA2EE22-E85E-43F7-BF28-E61DBCA64655}.AppStore|Any CPU.Deploy.0 = Debug|Any CPU
		{DCA2EE22-E85E-43F7-BF28-E61DBCA64655}.AppStore|iPhone.ActiveCfg = Debug|Any CPU
		{DCA2EE22-E85E-43F7-BF28-E61DBCA64655}.AppStore|iPhone.Build.0 = Debug|Any CPU
		{DCA2EE22-E85E-43F7-BF28-E61DBCA64655}.AppStore|iPhone.Deploy.0 = Debug|Any CPU
		{DCA2EE22-E85E-43F7-BF28-E61DBCA64655}.AppStore|iPhoneSimulator.ActiveCfg = Debug|Any CPU
		{DCA2EE22-E85E-43F7-BF28-E61DBCA64655}.AppStore|iPhoneSimulator.Build.0 = Debug|Any CPU
		{DCA2EE22-E85E-43F7-BF28-E61DBCA64655}.AppStore|iPhoneSimulator.Deploy.0 = Debug|Any CPU
		{DCA2EE22-E85E-43F7-BF28-E61DBCA64655}.Debug|Any CPU.ActiveCfg = Debug|Any CPU
		{DCA2EE22-E85E-43F7-BF28-E61DBCA64655}.Debug|Any CPU.Build.0 = Debug|Any CPU
		{DCA2EE22-E85E-43F7-BF28-E61DBCA64655}.Debug|Any CPU.Deploy.0 = Debug|Any CPU
		{DCA2EE22-E85E-43F7-BF28-E61DBCA64655}.Debug|iPhone.ActiveCfg = Debug|Any CPU
		{DCA2EE22-E85E-43F7-BF28-E61DBCA64655}.Debug|iPhone.Build.0 = Debug|Any CPU
		{DCA2EE22-E85E-43F7-BF28-E61DBCA64655}.Debug|iPhone.Deploy.0 = Debug|Any CPU
		{DCA2EE22-E85E-43F7-BF28-E61DBCA64655}.Debug|iPhoneSimulator.ActiveCfg = Debug|Any CPU
		{DCA2EE22-E85E-43F7-BF28-E61DBCA64655}.Debug|iPhoneSimulator.Build.0 = Debug|Any CPU
		{DCA2EE22-E85E-43F7-BF28-E61DBCA64655}.Debug|iPhoneSimulator.Deploy.0 = Debug|Any CPU
		{DCA2EE22-E85E-43F7-BF28-E61DBCA64655}.Release|Any CPU.ActiveCfg = Release|Any CPU
		{DCA2EE22-E85E-43F7-BF28-E61DBCA64655}.Release|Any CPU.Build.0 = Release|Any CPU
		{DCA2EE22-E85E-43F7-BF28-E61DBCA64655}.Release|Any CPU.Deploy.0 = Release|Any CPU
		{DCA2EE22-E85E-43F7-BF28-E61DBCA64655}.Release|iPhone.ActiveCfg = Release|Any CPU
		{DCA2EE22-E85E-43F7-BF28-E61DBCA64655}.Release|iPhone.Build.0 = Release|Any CPU
		{DCA2EE22-E85E-43F7-BF28-E61DBCA64655}.Release|iPhone.Deploy.0 = Release|Any CPU
		{DCA2EE22-E85E-43F7-BF28-E61DBCA64655}.Release|iPhoneSimulator.ActiveCfg = Release|Any CPU
		{DCA2EE22-E85E-43F7-BF28-E61DBCA64655}.Release|iPhoneSimulator.Build.0 = Release|Any CPU
		{DCA2EE22-E85E-43F7-BF28-E61DBCA64655}.Release|iPhoneSimulator.Deploy.0 = Release|Any CPU
	EndGlobalSection
	GlobalSection(SolutionProperties) = preSolution
		HideSolutionNode = FALSE
	EndGlobalSection
	GlobalSection(ExtensibilityGlobals) = postSolution
		SolutionGuid = {D20F86E4-3B27-40E9-A1C7-613312EAFD73}
	EndGlobalSection
EndGlobal
